
Microsoft Visual Studio Solution File, Format Version 12.00
# Visual Studio Version 17
VisualStudioVersion = 17.2.32616.157
MinimumVisualStudioVersion = 10.0.40219.1
Project("{FAE04EC0-301F-11D3-BF4B-00C04F79EFBC}") = "Blood and Swords", "Blood and Swords.csproj", "{5925B0B2-E687-428B-BA4E-4A986A10EB06}"
EndProject
Global
	GlobalSection(SolutionConfigurationPlatforms) = preSolution
		Debug|Any CPU = Debug|Any CPU
		Release|Any CPU = Release|Any CPU
	EndGlobalSection
	GlobalSection(ProjectConfigurationPlatforms) = postSolution
		{5925B0B2-E687-428B-BA4E-4A986A10EB06}.Debug|Any CPU.ActiveCfg = Debug|Any CPU
		{5925B0B2-E687-428B-BA4E-4A986A10EB06}.Debug|Any CPU.Build.0 = Debug|Any CPU
		{5925B0B2-E687-428B-BA4E-4A986A10EB06}.Release|Any CPU.ActiveCfg = Release|Any CPU
		{5925B0B2-E687-428B-BA4E-4A986A10EB06}.Release|Any CPU.Build.0 = Release|Any CPU
	EndGlobalSection
	GlobalSection(SolutionProperties) = preSolution
		HideSolutionNode = FALSE
	EndGlobalSection
	GlobalSection(ExtensibilityGlobals) = postSolution
		SolutionGuid = {739E0A2C-6352-4E54-B5B4-8220FAFE22F1}
	EndGlobalSection
EndGlobal
